
Microsoft Visual Studio Solution File, Format Version 12.00
# Visual Studio Version 17
VisualStudioVersion = 17.0.31903.59
MinimumVisualStudioVersion = 10.0.40219.1
Project("{FAE04EC0-301F-11D3-BF4B-00C04F79EFBC}") = "Client", "Client\Client.csproj", "{546BEC12-F2D1-40AA-9905-BE2644A2EBD0}"
EndProject
Project("{FAE04EC0-301F-11D3-BF4B-00C04F79EFBC}") = "Server", "Server\Server.csproj", "{AEEB0A72-0284-4108-B1CC-BA3DF15D2935}"
EndProject
Global
	GlobalSection(SolutionConfigurationPlatforms) = preSolution
		Debug|Any CPU = Debug|Any CPU
		Debug|x64 = Debug|x64
		Debug|x86 = Debug|x86
		Release|Any CPU = Release|Any CPU
		Release|x64 = Release|x64
		Release|x86 = Release|x86
	EndGlobalSection
	GlobalSection(ProjectConfigurationPlatforms) = postSolution
		{546BEC12-F2D1-40AA-9905-BE2644A2EBD0}.Debug|Any CPU.ActiveCfg = Debug|Any CPU
		{546BEC12-F2D1-40AA-9905-BE2644A2EBD0}.Debug|Any CPU.Build.0 = Debug|Any CPU
		{546BEC12-F2D1-40AA-9905-BE2644A2EBD0}.Debug|x64.ActiveCfg = Debug|Any CPU
		{546BEC12-F2D1-40AA-9905-BE2644A2EBD0}.Debug|x64.Build.0 = Debug|Any CPU
		{546BEC12-F2D1-40AA-9905-BE2644A2EBD0}.Debug|x86.ActiveCfg = Debug|Any CPU
		{546BEC12-F2D1-40AA-9905-BE2644A2EBD0}.Debug|x86.Build.0 = Debug|Any CPU
		{546BEC12-F2D1-40AA-9905-BE2644A2EBD0}.Release|Any CPU.ActiveCfg = Release|Any CPU
		{546BEC12-F2D1-40AA-9905-BE2644A2EBD0}.Release|Any CPU.Build.0 = Release|Any CPU
		{546BEC12-F2D1-40AA-9905-BE2644A2EBD0}.Release|x64.ActiveCfg = Release|Any CPU
		{546BEC12-F2D1-40AA-9905-BE2644A2EBD0}.Release|x64.Build.0 = Release|Any CPU
		{546BEC12-F2D1-40AA-9905-BE2644A2EBD0}.Release|x86.ActiveCfg = Release|Any CPU
		{546BEC12-F2D1-40AA-9905-BE2644A2EBD0}.Release|x86.Build.0 = Release|Any CPU
		{AEEB0A72-0284-4108-B1CC-BA3DF15D2935}.Debug|Any CPU.ActiveCfg = Debug|Any CPU
		{AEEB0A72-0284-4108-B1CC-BA3DF15D2935}.Debug|Any CPU.Build.0 = Debug|Any CPU
		{AEEB0A72-0284-4108-B1CC-BA3DF15D2935}.Debug|x64.ActiveCfg = Debug|Any CPU
		{AEEB0A72-0284-4108-B1CC-BA3DF15D2935}.Debug|x64.Build.0 = Debug|Any CPU
		{AEEB0A72-0284-4108-B1CC-BA3DF15D2935}.Debug|x86.ActiveCfg = Debug|Any CPU
		{AEEB0A72-0284-4108-B1CC-BA3DF15D2935}.Debug|x86.Build.0 = Debug|Any CPU
		{AEEB0A72-0284-4108-B1CC-BA3DF15D2935}.Release|Any CPU.ActiveCfg = Release|Any CPU
		{AEEB0A72-0284-4108-B1CC-BA3DF15D2935}.Release|Any CPU.Build.0 = Release|Any CPU
		{AEEB0A72-0284-4108-B1CC-BA3DF15D2935}.Release|x64.ActiveCfg = Release|Any CPU
		{AEEB0A72-0284-4108-B1CC-BA3DF15D2935}.Release|x64.Build.0 = Release|Any CPU
		{AEEB0A72-0284-4108-B1CC-BA3DF15D2935}.Release|x86.ActiveCfg = Release|Any CPU
		{AEEB0A72-0284-4108-B1CC-BA3DF15D2935}.Release|x86.Build.0 = Release|Any CPU
	EndGlobalSection
	GlobalSection(SolutionProperties) = preSolution
		HideSolutionNode = FALSE
	EndGlobalSection
EndGlobal
